
Microsoft Visual Studio Solution File, Format Version 12.00
# Visual Studio 15
VisualStudioVersion = 15.0.27703.2026
MinimumVisualStudioVersion = 10.0.40219.1
Project("{FAE04EC0-301F-11D3-BF4B-00C04F79EFBC}") = "AppStore", "AppStore\AppStore.csproj", "{5EE9A608-223F-432C-8D3E-F10E713D9C9A}"
EndProject
Project("{FAE04EC0-301F-11D3-BF4B-00C04F79EFBC}") = "AppBuilder", "AppBuilder\AppBuilder.csproj", "{D984587C-12BC-433C-BB73-C64DECFFA63C}"
EndProject
Global
	GlobalSection(SolutionConfigurationPlatforms) = preSolution
		Debug|Any CPU = Debug|Any CPU
		Release|Any CPU = Release|Any CPU
	EndGlobalSection
	GlobalSection(ProjectConfigurationPlatforms) = postSolution
		{5EE9A608-223F-432C-8D3E-F10E713D9C9A}.Debug|Any CPU.ActiveCfg = Debug|Any CPU
		{5EE9A608-223F-432C-8D3E-F10E713D9C9A}.Debug|Any CPU.Build.0 = Debug|Any CPU
		{5EE9A608-223F-432C-8D3E-F10E713D9C9A}.Release|Any CPU.ActiveCfg = Release|Any CPU
		{5EE9A608-223F-432C-8D3E-F10E713D9C9A}.Release|Any CPU.Build.0 = Release|Any CPU
		{D984587C-12BC-433C-BB73-C64DECFFA63C}.Debug|Any CPU.ActiveCfg = Debug|Any CPU
		{D984587C-12BC-433C-BB73-C64DECFFA63C}.Debug|Any CPU.Build.0 = Debug|Any CPU
		{D984587C-12BC-433C-BB73-C64DECFFA63C}.Release|Any CPU.ActiveCfg = Release|Any CPU
		{D984587C-12BC-433C-BB73-C64DECFFA63C}.Release|Any CPU.Build.0 = Release|Any CPU
	EndGlobalSection
	GlobalSection(SolutionProperties) = preSolution
		HideSolutionNode = FALSE
	EndGlobalSection
	GlobalSection(ExtensibilityGlobals) = postSolution
		SolutionGuid = {6A9992A8-3BEF-4EC0-9D1E-F417CBA36662}
	EndGlobalSection
EndGlobal
